
Microsoft Visual Studio Solution File, Format Version 12.00
# Visual Studio 15
VisualStudioVersion = 15.0.28307.168
MinimumVisualStudioVersion = 10.0.40219.1
Project("{FAE04EC0-301F-11D3-BF4B-00C04F79EFBC}") = "NumeroACifra", "NumeroACifra\NumeroACifra.csproj", "{4014CA34-460F-4A13-8F49-B51E83ED7CC4}"
EndProject
Global
	GlobalSection(SolutionConfigurationPlatforms) = preSolution
		Debug|Any CPU = Debug|Any CPU
		Release|Any CPU = Release|Any CPU
	EndGlobalSection
	GlobalSection(ProjectConfigurationPlatforms) = postSolution
		{4014CA34-460F-4A13-8F49-B51E83ED7CC4}.Debug|Any CPU.ActiveCfg = Debug|Any CPU
		{4014CA34-460F-4A13-8F49-B51E83ED7CC4}.Debug|Any CPU.Build.0 = Debug|Any CPU
		{4014CA34-460F-4A13-8F49-B51E83ED7CC4}.Release|Any CPU.ActiveCfg = Release|Any CPU
		{4014CA34-460F-4A13-8F49-B51E83ED7CC4}.Release|Any CPU.Build.0 = Release|Any CPU
	EndGlobalSection
	GlobalSection(SolutionProperties) = preSolution
		HideSolutionNode = FALSE
	EndGlobalSection
	GlobalSection(ExtensibilityGlobals) = postSolution
		SolutionGuid = {DAAD6455-9CF6-424E-9807-6E20CD810474}
	EndGlobalSection
EndGlobal
